
Microsoft Visual Studio Solution File, Format Version 12.00
Project("{FAE04EC0-301F-11D3-BF4B-00C04F79EFBC}") = "caloriesCA", "caloriesCA\caloriesCA.csproj", "{781FB1C8-B026-4952-AB0E-9145E84CDBD4}"
EndProject
Global
	GlobalSection(SolutionConfigurationPlatforms) = preSolution
		Debug|Any CPU = Debug|Any CPU
		Release|Any CPU = Release|Any CPU
	EndGlobalSection
	GlobalSection(ProjectConfigurationPlatforms) = postSolution
		{781FB1C8-B026-4952-AB0E-9145E84CDBD4}.Debug|Any CPU.ActiveCfg = Debug|Any CPU
		{781FB1C8-B026-4952-AB0E-9145E84CDBD4}.Debug|Any CPU.Build.0 = Debug|Any CPU
		{781FB1C8-B026-4952-AB0E-9145E84CDBD4}.Release|Any CPU.ActiveCfg = Release|Any CPU
		{781FB1C8-B026-4952-AB0E-9145E84CDBD4}.Release|Any CPU.Build.0 = Release|Any CPU
	EndGlobalSection
EndGlobal
